lockfileVersion: '6.0'

settings:
  autoInstallPeers: true
  excludeLinksFromLockfile: false

dependencies:
  tiny-async-pool:
    specifier: 2.1.0
    version: 2.1.0

packages:

  /tiny-async-pool@2.1.0:
    resolution: {integrity: sha512-ltAHPh/9k0STRQqaoUX52NH4ZQYAJz24ZAEwf1Zm+HYg3l9OXTWeqWKyYsHu40wF/F0rxd2N2bk5sLvX2qlSvg==}
    dev: false
